// !$*UTF8*$!
{
	archiveVersion = 1;
	classes = {
	};
	objectVersion = 46;
	objects = {

/* Begin PBXBuildFile section */
		AA3CBCBC1F683655000347C6 /* ViewController.m in Sources */ = {isa = PBXBuildFile; fileRef = AA3CBCBB1F683655000347C6 /* ViewController.m */; };
		AA4EA9CB1F6AD3BA00536764 /* AppDelegate.m in Sources */ = {isa = PBXBuildFile; fileRef = AA4EA9C81F6AD3BA00536764 /* AppDelegate.m */; };
		AA4EA9CC1F6AD3BA00536764 /* Info.plist in Resources */ = {isa = PBXBuildFile; fileRef = AA4EA9C91F6AD3BA00536764 /* Info.plist */; };
		AA4EA9CD1F6AD3BA00536764 /* main.m in Sources */ = {isa = PBXBuildFile; fileRef = AA4EA9CA1F6AD3BA00536764 /* main.m */; };
		AA4EA9DB1F6AD3D800536764 /* Assets.xcassets in Resources */ = {isa = PBXBuildFile; fileRef = AA4EA9D61F6AD3D800536764 /* Assets.xcassets */; };
		AA4EA9DC1F6AD3D800536764 /* LaunchScreen.storyboard in Resources */ = {isa = PBXBuildFile; fileRef = AA4EA9D71F6AD3D800536764 /* LaunchScreen.storyboard */; };
		AA4EA9DD1F6AD3D800536764 /* Main.storyboard in Resources */ = {isa = PBXBuildFile; fileRef = AA4EA9D91F6AD3D800536764 /* Main.storyboard */; };
		AA4EA9DF1F6ADC3B00536764 /* AppIcon.xcassets in Resources */ = {isa = PBXBuildFile; fileRef = AA4EA9DE1F6ADC3B00536764 /* AppIcon.xcassets */; };
		AA4EA9E21F6ADDD900536764 /* BaseModel.m in Sources */ = {isa = PBXBuildFile; fileRef = AA4EA9E11F6ADDD900536764 /* BaseModel.m */; };
		AA4EA9E81F6ADEF300536764 /* NSString+YP.m in Sources */ = {isa = PBXBuildFile; fileRef = AA4EA9E71F6ADEF300536764 /* NSString+YP.m */; };
		AA4EA9EB1F6AE17300536764 /* UIImage+YP.m in Sources */ = {isa = PBXBuildFile; fileRef = AA4EA9EA1F6AE17300536764 /* UIImage+YP.m */; };
		AA4EA9EE1F6AE3D000536764 /* UIView+YP.m in Sources */ = {isa = PBXBuildFile; fileRef = AA4EA9ED1F6AE3D000536764 /* UIView+YP.m */; };
		AA4EA9F11F6B954600536764 /* BaseNavigationController.m in Sources */ = {isa = PBXBuildFile; fileRef = AA4EA9F01F6B954600536764 /* BaseNavigationController.m */; };
		AA4EA9F41F6CBFD900536764 /* BaseNavigationBarView.m in Sources */ = {isa = PBXBuildFile; fileRef = AA4EA9F31F6CBFD900536764 /* BaseNavigationBarView.m */; };
		AA4EA9FA1F6CF80900536764 /* BaseTabBarController.m in Sources */ = {isa = PBXBuildFile; fileRef = AA4EA9F91F6CF80900536764 /* BaseTabBarController.m */; };
		AA4EA9FD1F6D1B5800536764 /* YPRefreshFooter.m in Sources */ = {isa = PBXBuildFile; fileRef = AA4EA9FC1F6D1B5800536764 /* YPRefreshFooter.m */; };
		AA4EAA001F6D1D7800536764 /* YPRefreshHeader.m in Sources */ = {isa = PBXBuildFile; fileRef = AA4EA9FF1F6D1D7800536764 /* YPRefreshHeader.m */; };
		AA4EAA031F6D21D500536764 /* YPRefreshTableView.m in Sources */ = {isa = PBXBuildFile; fileRef = AA4EAA021F6D21D500536764 /* YPRefreshTableView.m */; };
		AA4EAA061F6D314100536764 /* BaseViewController.m in Sources */ = {isa = PBXBuildFile; fileRef = AA4EAA051F6D314100536764 /* BaseViewController.m */; };
		AA4EAA091F6D574E00536764 /* YPRefreshViewController.m in Sources */ = {isa = PBXBuildFile; fileRef = AA4EAA081F6D574E00536764 /* YPRefreshViewController.m */; };
		AA4EAA0C1F6D641E00536764 /* YPViewController.m in Sources */ = {isa = PBXBuildFile; fileRef = AA4EAA0B1F6D641E00536764 /* YPViewController.m */; };
		AA4EAA0F1F6D65D200536764 /* YPNavigationController.m in Sources */ = {isa = PBXBuildFile; fileRef = AA4EAA0E1F6D65D200536764 /* YPNavigationController.m */; };
		AA4EAA131F6D7F5100536764 /* YPCommonTool.m in Sources */ = {isa = PBXBuildFile; fileRef = AA4EAA121F6D7F5100536764 /* YPCommonTool.m */; };
		AA4EAA161F6D80BD00536764 /* YPNotificationCenter.m in Sources */ = {isa = PBXBuildFile; fileRef = AA4EAA151F6D80BD00536764 /* YPNotificationCenter.m */; };
		AA4EAA191F6D82DF00536764 /* BaseView.m in Sources */ = {isa = PBXBuildFile; fileRef = AA4EAA181F6D82DF00536764 /* BaseView.m */; };
		AA4EAA1C1F6D841400536764 /* BaseDataSource.m in Sources */ = {isa = PBXBuildFile; fileRef = AA4EAA1B1F6D841400536764 /* BaseDataSource.m */; };
		AA4EAA1F1F6D879A00536764 /* YPHUDHelper.m in Sources */ = {isa = PBXBuildFile; fileRef = AA4EAA1E1F6D879A00536764 /* YPHUDHelper.m */; };
		AA4EAA231F6E7D9F00536764 /* YPAPI.m in Sources */ = {isa = PBXBuildFile; fileRef = AA4EAA221F6E7D9F00536764 /* YPAPI.m */; };
		AA4EAA291F6E7ED600536764 /* YPHttpResult.m in Sources */ = {isa = PBXBuildFile; fileRef = AA4EAA281F6E7ED600536764 /* YPHttpResult.m */; };
		AA4EAA2C1F6E7F1E00536764 /* YPNetworkManager.m in Sources */ = {isa = PBXBuildFile; fileRef = AA4EAA2B1F6E7F1E00536764 /* YPNetworkManager.m */; };
		AA4EAA2F1F6E80A800536764 /* YPDbCache.m in Sources */ = {isa = PBXBuildFile; fileRef = AA4EAA2E1F6E80A800536764 /* YPDbCache.m */; };
		DAE6EBA28DE679EF995217BA /* libPods-HLBLPay.a in Frameworks */ = {isa = PBXBuildFile; fileRef = DF7AEB681B93958AE2FD2B26 /* libPods-HLBLPay.a */; };
/* End PBXBuildFile section */

/* Begin PBXFileReference section */
		03B052C3A63D443C069FF15B /* Pods-HLBLPay.debug.xcconfig */ = {isa = PBXFileReference; includeInIndex = 1; lastKnownFileType = text.xcconfig; name = "Pods-HLBLPay.debug.xcconfig"; path = "Pods/Target Support Files/Pods-HLBLPay/Pods-HLBLPay.debug.xcconfig"; sourceTree = "<group>"; };
		45863F9258D0402DD6801D6F /* Pods-HLBLPay.release.xcconfig */ = {isa = PBXFileReference; includeInIndex = 1; lastKnownFileType = text.xcconfig; name = "Pods-HLBLPay.release.xcconfig"; path = "Pods/Target Support Files/Pods-HLBLPay/Pods-HLBLPay.release.xcconfig"; sourceTree = "<group>"; };
		AA3CBCB11F683655000347C6 /* HLBLPay.app */ = {isa = PBXFileReference; explicitFileType = wrapper.application; includeInIndex = 0; path = HLBLPay.app; sourceTree = BUILT_PRODUCTS_DIR; };
		AA3CBCBA1F683655000347C6 /* ViewController.h */ = {isa = PBXFileReference; lastKnownFileType = sourcecode.c.h; path = ViewController.h; sourceTree = "<group>"; };
		AA3CBCBB1F683655000347C6 /* ViewController.m */ = {isa = PBXFileReference; lastKnownFileType = sourcecode.c.objc; path = ViewController.m; sourceTree = "<group>"; };
		AA4EA9C71F6AD3BA00536764 /* AppDelegate.h */ = {isa = PBXFileReference; fileEncoding = 4; lastKnownFileType = sourcecode.c.h; path = AppDelegate.h; sourceTree = "<group>"; };
		AA4EA9C81F6AD3BA00536764 /* AppDelegate.m */ = {isa = PBXFileReference; fileEncoding = 4; lastKnownFileType = sourcecode.c.objc; path = AppDelegate.m; sourceTree = "<group>"; };
		AA4EA9C91F6AD3BA00536764 /* Info.plist */ = {isa = PBXFileReference; fileEncoding = 4; lastKnownFileType = text.plist.xml; path = Info.plist; sourceTree = "<group>"; };
		AA4EA9CA1F6AD3BA00536764 /* main.m */ = {isa = PBXFileReference; fileEncoding = 4; lastKnownFileType = sourcecode.c.objc; path = main.m; sourceTree = "<group>"; };
		AA4EA9D61F6AD3D800536764 /* Assets.xcassets */ = {isa = PBXFileReference; lastKnownFileType = folder.assetcatalog; path = Assets.xcassets; sourceTree = "<group>"; };
		AA4EA9D81F6AD3D800536764 /* Base */ = {isa = PBXFileReference; lastKnownFileType = file.storyboard; name = Base; path = Base.lproj/LaunchScreen.storyboard; sourceTree = "<group>"; };
		AA4EA9DA1F6AD3D800536764 /* Base */ = {isa = PBXFileReference; lastKnownFileType = file.storyboard; name = Base; path = Base.lproj/Main.storyboard; sourceTree = "<group>"; };
		AA4EA9DE1F6ADC3B00536764 /* AppIcon.xcassets */ = {isa = PBXFileReference; lastKnownFileType = folder.assetcatalog; path = AppIcon.xcassets; sourceTree = "<group>"; };
		AA4EA9E01F6ADDD900536764 /* BaseModel.h */ = {isa = PBXFileReference; fileEncoding = 4; lastKnownFileType = sourcecode.c.h; path = BaseModel.h; sourceTree = "<group>"; };
		AA4EA9E11F6ADDD900536764 /* BaseModel.m */ = {isa = PBXFileReference; fileEncoding = 4; lastKnownFileType = sourcecode.c.objc; path = BaseModel.m; sourceTree = "<group>"; };
		AA4EA9E61F6ADEF300536764 /* NSString+YP.h */ = {isa = PBXFileReference; fileEncoding = 4; lastKnownFileType = sourcecode.c.h; path = "NSString+YP.h"; sourceTree = "<group>"; };
		AA4EA9E71F6ADEF300536764 /* NSString+YP.m */ = {isa = PBXFileReference; fileEncoding = 4; lastKnownFileType = sourcecode.c.objc; path = "NSString+YP.m"; sourceTree = "<group>"; };
		AA4EA9E91F6AE17300536764 /* UIImage+YP.h */ = {isa = PBXFileReference; fileEncoding = 4; lastKnownFileType = sourcecode.c.h; path = "UIImage+YP.h"; sourceTree = "<group>"; };
		AA4EA9EA1F6AE17300536764 /* UIImage+YP.m */ = {isa = PBXFileReference; fileEncoding = 4; lastKnownFileType = sourcecode.c.objc; path = "UIImage+YP.m"; sourceTree = "<group>"; };
		AA4EA9EC1F6AE3D000536764 /* UIView+YP.h */ = {isa = PBXFileReference; fileEncoding = 4; lastKnownFileType = sourcecode.c.h; path = "UIView+YP.h"; sourceTree = "<group>"; };
		AA4EA9ED1F6AE3D000536764 /* UIView+YP.m */ = {isa = PBXFileReference; fileEncoding = 4; lastKnownFileType = sourcecode.c.objc; path = "UIView+YP.m"; sourceTree = "<group>"; };
		AA4EA9EF1F6B954600536764 /* BaseNavigationController.h */ = {isa = PBXFileReference; fileEncoding = 4; lastKnownFileType = sourcecode.c.h; path = BaseNavigationController.h; sourceTree = "<group>"; };
		AA4EA9F01F6B954600536764 /* BaseNavigationController.m */ = {isa = PBXFileReference; fileEncoding = 4; lastKnownFileType = sourcecode.c.objc; path = BaseNavigationController.m; sourceTree = "<group>"; };
		AA4EA9F21F6CBFD900536764 /* BaseNavigationBarView.h */ = {isa = PBXFileReference; fileEncoding = 4; lastKnownFileType = sourcecode.c.h; path = BaseNavigationBarView.h; sourceTree = "<group>"; };
		AA4EA9F31F6CBFD900536764 /* BaseNavigationBarView.m */ = {isa = PBXFileReference; fileEncoding = 4; lastKnownFileType = sourcecode.c.objc; path = BaseNavigationBarView.m; sourceTree = "<group>"; };
		AA4EA9F51F6CC1E400536764 /* HLBL-PrefixHeader.pch */ = {isa = PBXFileReference; lastKnownFileType = sourcecode.c.h; path = "HLBL-PrefixHeader.pch"; sourceTree = "<group>"; };
		AA4EA9F71F6CC2D800536764 /* AppCommonDefine.h */ = {isa = PBXFileReference; fileEncoding = 4; lastKnownFileType = sourcecode.c.h; path = AppCommonDefine.h; sourceTree = "<group>"; };
		AA4EA9F81F6CF80900536764 /* BaseTabBarController.h */ = {isa = PBXFileReference; fileEncoding = 4; lastKnownFileType = sourcecode.c.h; path = BaseTabBarController.h; sourceTree = "<group>"; };
		AA4EA9F91F6CF80900536764 /* BaseTabBarController.m */ = {isa = PBXFileReference; fileEncoding = 4; lastKnownFileType = sourcecode.c.objc; path = BaseTabBarController.m; sourceTree = "<group>"; };
		AA4EA9FB1F6D1B5800536764 /* YPRefreshFooter.h */ = {isa = PBXFileReference; fileEncoding = 4; lastKnownFileType = sourcecode.c.h; path = YPRefreshFooter.h; sourceTree = "<group>"; };
		AA4EA9FC1F6D1B5800536764 /* YPRefreshFooter.m */ = {isa = PBXFileReference; fileEncoding = 4; lastKnownFileType = sourcecode.c.objc; path = YPRefreshFooter.m; sourceTree = "<group>"; };
		AA4EA9FE1F6D1D7800536764 /* YPRefreshHeader.h */ = {isa = PBXFileReference; fileEncoding = 4; lastKnownFileType = sourcecode.c.h; path = YPRefreshHeader.h; sourceTree = "<group>"; };
		AA4EA9FF1F6D1D7800536764 /* YPRefreshHeader.m */ = {isa = PBXFileReference; fileEncoding = 4; lastKnownFileType = sourcecode.c.objc; path = YPRefreshHeader.m; sourceTree = "<group>"; };
		AA4EAA011F6D21D500536764 /* YPRefreshTableView.h */ = {isa = PBXFileReference; fileEncoding = 4; lastKnownFileType = sourcecode.c.h; path = YPRefreshTableView.h; sourceTree = "<group>"; };
		AA4EAA021F6D21D500536764 /* YPRefreshTableView.m */ = {isa = PBXFileReference; fileEncoding = 4; lastKnownFileType = sourcecode.c.objc; path = YPRefreshTableView.m; sourceTree = "<group>"; };
		AA4EAA041F6D314100536764 /* BaseViewController.h */ = {isa = PBXFileReference; fileEncoding = 4; lastKnownFileType = sourcecode.c.h; path = BaseViewController.h; sourceTree = "<group>"; };
		AA4EAA051F6D314100536764 /* BaseViewController.m */ = {isa = PBXFileReference; fileEncoding = 4; lastKnownFileType = sourcecode.c.objc; path = BaseViewController.m; sourceTree = "<group>"; };
		AA4EAA071F6D574E00536764 /* YPRefreshViewController.h */ = {isa = PBXFileReference; fileEncoding = 4; lastKnownFileType = sourcecode.c.h; path = YPRefreshViewController.h; sourceTree = "<group>"; };
		AA4EAA081F6D574E00536764 /* YPRefreshViewController.m */ = {isa = PBXFileReference; fileEncoding = 4; lastKnownFileType = sourcecode.c.objc; path = YPRefreshViewController.m; sourceTree = "<group>"; };
		AA4EAA0A1F6D641E00536764 /* YPViewController.h */ = {isa = PBXFileReference; fileEncoding = 4; lastKnownFileType = sourcecode.c.h; path = YPViewController.h; sourceTree = "<group>"; };
		AA4EAA0B1F6D641E00536764 /* YPViewController.m */ = {isa = PBXFileReference; fileEncoding = 4; lastKnownFileType = sourcecode.c.objc; path = YPViewController.m; sourceTree = "<group>"; };
		AA4EAA0D1F6D65D200536764 /* YPNavigationController.h */ = {isa = PBXFileReference; fileEncoding = 4; lastKnownFileType = sourcecode.c.h; path = YPNavigationController.h; sourceTree = "<group>"; };
		AA4EAA0E1F6D65D200536764 /* YPNavigationController.m */ = {isa = PBXFileReference; fileEncoding = 4; lastKnownFileType = sourcecode.c.objc; path = YPNavigationController.m; sourceTree = "<group>"; };
		AA4EAA101F6D7C6D00536764 /* YPCommon.h */ = {isa = PBXFileReference; fileEncoding = 4; lastKnownFileType = sourcecode.c.h; path = YPCommon.h; sourceTree = "<group>"; };
		AA4EAA111F6D7F5100536764 /* YPCommonTool.h */ = {isa = PBXFileReference; fileEncoding = 4; lastKnownFileType = sourcecode.c.h; path = YPCommonTool.h; sourceTree = "<group>"; };
		AA4EAA121F6D7F5100536764 /* YPCommonTool.m */ = {isa = PBXFileReference; fileEncoding = 4; lastKnownFileType = sourcecode.c.objc; path = YPCommonTool.m; sourceTree = "<group>"; };
		AA4EAA141F6D80BD00536764 /* YPNotificationCenter.h */ = {isa = PBXFileReference; fileEncoding = 4; lastKnownFileType = sourcecode.c.h; path = YPNotificationCenter.h; sourceTree = "<group>"; };
		AA4EAA151F6D80BD00536764 /* YPNotificationCenter.m */ = {isa = PBXFileReference; fileEncoding = 4; lastKnownFileType = sourcecode.c.objc; path = YPNotificationCenter.m; sourceTree = "<group>"; };
		AA4EAA171F6D82DF00536764 /* BaseView.h */ = {isa = PBXFileReference; fileEncoding = 4; lastKnownFileType = sourcecode.c.h; path = BaseView.h; sourceTree = "<group>"; };
		AA4EAA181F6D82DF00536764 /* BaseView.m */ = {isa = PBXFileReference; fileEncoding = 4; lastKnownFileType = sourcecode.c.objc; path = BaseView.m; sourceTree = "<group>"; };
		AA4EAA1A1F6D841400536764 /* BaseDataSource.h */ = {isa = PBXFileReference; fileEncoding = 4; lastKnownFileType = sourcecode.c.h; path = BaseDataSource.h; sourceTree = "<group>"; };
		AA4EAA1B1F6D841400536764 /* BaseDataSource.m */ = {isa = PBXFileReference; fileEncoding = 4; lastKnownFileType = sourcecode.c.objc; path = BaseDataSource.m; sourceTree = "<group>"; };
		AA4EAA1D1F6D879A00536764 /* YPHUDHelper.h */ = {isa = PBXFileReference; fileEncoding = 4; lastKnownFileType = sourcecode.c.h; path = YPHUDHelper.h; sourceTree = "<group>"; };
		AA4EAA1E1F6D879A00536764 /* YPHUDHelper.m */ = {isa = PBXFileReference; fileEncoding = 4; lastKnownFileType = sourcecode.c.objc; path = YPHUDHelper.m; sourceTree = "<group>"; };
		AA4EAA211F6E7D9F00536764 /* YPAPI.h */ = {isa = PBXFileReference; fileEncoding = 4; lastKnownFileType = sourcecode.c.h; path = YPAPI.h; sourceTree = "<group>"; };
		AA4EAA221F6E7D9F00536764 /* YPAPI.m */ = {isa = PBXFileReference; fileEncoding = 4; lastKnownFileType = sourcecode.c.objc; path = YPAPI.m; sourceTree = "<group>"; };
		AA4EAA271F6E7ED600536764 /* YPHttpResult.h */ = {isa = PBXFileReference; fileEncoding = 4; lastKnownFileType = sourcecode.c.h; path = YPHttpResult.h; sourceTree = "<group>"; };
		AA4EAA281F6E7ED600536764 /* YPHttpResult.m */ = {isa = PBXFileReference; fileEncoding = 4; lastKnownFileType = sourcecode.c.objc; path = YPHttpResult.m; sourceTree = "<group>"; };
		AA4EAA2A1F6E7F1E00536764 /* YPNetworkManager.h */ = {isa = PBXFileReference; fileEncoding = 4; lastKnownFileType = sourcecode.c.h; path = YPNetworkManager.h; sourceTree = "<group>"; };
		AA4EAA2B1F6E7F1E00536764 /* YPNetworkManager.m */ = {isa = PBXFileReference; fileEncoding = 4; lastKnownFileType = sourcecode.c.objc; path = YPNetworkManager.m; sourceTree = "<group>"; };
		AA4EAA2D1F6E80A800536764 /* YPDbCache.h */ = {isa = PBXFileReference; fileEncoding = 4; lastKnownFileType = sourcecode.c.h; path = YPDbCache.h; sourceTree = "<group>"; };
		AA4EAA2E1F6E80A800536764 /* YPDbCache.m */ = {isa = PBXFileReference; fileEncoding = 4; lastKnownFileType = sourcecode.c.objc; path = YPDbCache.m; sourceTree = "<group>"; };
		DF7AEB681B93958AE2FD2B26 /* libPods-HLBLPay.a */ = {isa = PBXFileReference; explicitFileType = archive.ar; includeInIndex = 0; path = "libPods-HLBLPay.a"; sourceTree = BUILT_PRODUCTS_DIR; };
/* End PBXFileReference section */

/* Begin PBXFrameworksBuildPhase section */
		AA3CBCAE1F683655000347C6 /* Frameworks */ = {
			isa = PBXFrameworksBuildPhase;
			buildActionMask = 2147483647;
			files = (
				DAE6EBA28DE679EF995217BA /* libPods-HLBLPay.a in Frameworks */,
			);
			runOnlyForDeploymentPostprocessing = 0;
		};
/* End PBXFrameworksBuildPhase section */

/* Begin PBXGroup section */
		04B7993E493089E10DD99A75 /* Pods */ = {
			isa = PBXGroup;
			children = (
				03B052C3A63D443C069FF15B /* Pods-HLBLPay.debug.xcconfig */,
				45863F9258D0402DD6801D6F /* Pods-HLBLPay.release.xcconfig */,
			);
			name = Pods;
			sourceTree = "<group>";
		};
		AA3CBCA81F683655000347C6 = {
			isa = PBXGroup;
			children = (
				AA3CBCB31F683655000347C6 /* HLBLPay */,
				AA3CBCB21F683655000347C6 /* Products */,
				04B7993E493089E10DD99A75 /* Pods */,
				DBADB2B4C02655D93C687393 /* Frameworks */,
			);
			sourceTree = "<group>";
		};
		AA3CBCB21F683655000347C6 /* Products */ = {
			isa = PBXGroup;
			children = (
				AA3CBCB11F683655000347C6 /* HLBLPay.app */,
			);
			name = Products;
			sourceTree = "<group>";
		};
		AA3CBCB31F683655000347C6 /* HLBLPay */ = {
			isa = PBXGroup;
			children = (
				AA4EA9C61F6AD3BA00536764 /* Application */,
				AA4EA9D41F6AD3CF00536764 /* Business */,
				AA4EAA201F6E7D2300536764 /* Network */,
				AA4EA9D51F6AD3D800536764 /* Resource */,
				AA4EA9CE1F6AD3C600536764 /* Base */,
				AA3CBCBA1F683655000347C6 /* ViewController.h */,
				AA3CBCBB1F683655000347C6 /* ViewController.m */,
				AA3CBCB41F683655000347C6 /* Supporting Files */,
			);
			path = HLBLPay;
			sourceTree = "<group>";
		};
		AA3CBCB41F683655000347C6 /* Supporting Files */ = {
			isa = PBXGroup;
			children = (
			);
			name = "Supporting Files";
			sourceTree = "<group>";
		};
		AA4EA9C61F6AD3BA00536764 /* Application */ = {
			isa = PBXGroup;
			children = (
				AA4EA9C71F6AD3BA00536764 /* AppDelegate.h */,
				AA4EA9C81F6AD3BA00536764 /* AppDelegate.m */,
				AA4EA9C91F6AD3BA00536764 /* Info.plist */,
				AA4EA9CA1F6AD3BA00536764 /* main.m */,
				AA4EA9F51F6CC1E400536764 /* HLBL-PrefixHeader.pch */,
				AA4EA9F71F6CC2D800536764 /* AppCommonDefine.h */,
			);
			path = Application;
			sourceTree = "<group>";
		};
		AA4EA9CE1F6AD3C600536764 /* Base */ = {
			isa = PBXGroup;
			children = (
				AA4EA9CF1F6AD3C600536764 /* Category */,
				AA4EA9D01F6AD3C600536764 /* Controller */,
				AA4EA9D11F6AD3C600536764 /* Model */,
				AA4EA9D21F6AD3C600536764 /* Utils */,
				AA4EA9D31F6AD3C600536764 /* View */,
			);
			path = Base;
			sourceTree = "<group>";
		};
		AA4EA9CF1F6AD3C600536764 /* Category */ = {
			isa = PBXGroup;
			children = (
				AA4EA9E61F6ADEF300536764 /* NSString+YP.h */,
				AA4EA9E71F6ADEF300536764 /* NSString+YP.m */,
				AA4EA9E91F6AE17300536764 /* UIImage+YP.h */,
				AA4EA9EA1F6AE17300536764 /* UIImage+YP.m */,
				AA4EA9EC1F6AE3D000536764 /* UIView+YP.h */,
				AA4EA9ED1F6AE3D000536764 /* UIView+YP.m */,
			);
			path = Category;
			sourceTree = "<group>";
		};
		AA4EA9D01F6AD3C600536764 /* Controller */ = {
			isa = PBXGroup;
			children = (
				AA4EA9EF1F6B954600536764 /* BaseNavigationController.h */,
				AA4EA9F01F6B954600536764 /* BaseNavigationController.m */,
				AA4EA9F21F6CBFD900536764 /* BaseNavigationBarView.h */,
				AA4EA9F31F6CBFD900536764 /* BaseNavigationBarView.m */,
				AA4EA9F81F6CF80900536764 /* BaseTabBarController.h */,
				AA4EA9F91F6CF80900536764 /* BaseTabBarController.m */,
				AA4EAA041F6D314100536764 /* BaseViewController.h */,
				AA4EAA051F6D314100536764 /* BaseViewController.m */,
				AA4EA9FB1F6D1B5800536764 /* YPRefreshFooter.h */,
				AA4EA9FC1F6D1B5800536764 /* YPRefreshFooter.m */,
				AA4EA9FE1F6D1D7800536764 /* YPRefreshHeader.h */,
				AA4EA9FF1F6D1D7800536764 /* YPRefreshHeader.m */,
				AA4EAA011F6D21D500536764 /* YPRefreshTableView.h */,
				AA4EAA021F6D21D500536764 /* YPRefreshTableView.m */,
				AA4EAA071F6D574E00536764 /* YPRefreshViewController.h */,
				AA4EAA081F6D574E00536764 /* YPRefreshViewController.m */,
				AA4EAA0A1F6D641E00536764 /* YPViewController.h */,
				AA4EAA0B1F6D641E00536764 /* YPViewController.m */,
				AA4EAA0D1F6D65D200536764 /* YPNavigationController.h */,
				AA4EAA0E1F6D65D200536764 /* YPNavigationController.m */,
			);
			path = Controller;
			sourceTree = "<group>";
		};
		AA4EA9D11F6AD3C600536764 /* Model */ = {
			isa = PBXGroup;
			children = (
				AA4EA9E01F6ADDD900536764 /* BaseModel.h */,
				AA4EA9E11F6ADDD900536764 /* BaseModel.m */,
			);
			path = Model;
			sourceTree = "<group>";
		};
		AA4EA9D21F6AD3C600536764 /* Utils */ = {
			isa = PBXGroup;
			children = (
				AA4EAA101F6D7C6D00536764 /* YPCommon.h */,
				AA4EAA111F6D7F5100536764 /* YPCommonTool.h */,
				AA4EAA121F6D7F5100536764 /* YPCommonTool.m */,
				AA4EAA141F6D80BD00536764 /* YPNotificationCenter.h */,
				AA4EAA151F6D80BD00536764 /* YPNotificationCenter.m */,
			);
			path = Utils;
			sourceTree = "<group>";
		};
		AA4EA9D31F6AD3C600536764 /* View */ = {
			isa = PBXGroup;
			children = (
				AA4EAA171F6D82DF00536764 /* BaseView.h */,
				AA4EAA181F6D82DF00536764 /* BaseView.m */,
				AA4EAA1A1F6D841400536764 /* BaseDataSource.h */,
				AA4EAA1B1F6D841400536764 /* BaseDataSource.m */,
				AA4EAA1D1F6D879A00536764 /* YPHUDHelper.h */,
				AA4EAA1E1F6D879A00536764 /* YPHUDHelper.m */,
			);
			path = View;
			sourceTree = "<group>";
		};
		AA4EA9D41F6AD3CF00536764 /* Business */ = {
			isa = PBXGroup;
			children = (
			);
			path = Business;
			sourceTree = "<group>";
		};
		AA4EA9D51F6AD3D800536764 /* Resource */ = {
			isa = PBXGroup;
			children = (
				AA4EA9D61F6AD3D800536764 /* Assets.xcassets */,
				AA4EA9DE1F6ADC3B00536764 /* AppIcon.xcassets */,
				AA4EA9D71F6AD3D800536764 /* LaunchScreen.storyboard */,
				AA4EA9D91F6AD3D800536764 /* Main.storyboard */,
			);
			path = Resource;
			sourceTree = "<group>";
		};
		AA4EAA201F6E7D2300536764 /* Network */ = {
			isa = PBXGroup;
			children = (
				AA4EAA211F6E7D9F00536764 /* YPAPI.h */,
				AA4EAA221F6E7D9F00536764 /* YPAPI.m */,
				AA4EAA2D1F6E80A800536764 /* YPDbCache.h */,
				AA4EAA2E1F6E80A800536764 /* YPDbCache.m */,
				AA4EAA271F6E7ED600536764 /* YPHttpResult.h */,
				AA4EAA281F6E7ED600536764 /* YPHttpResult.m */,
				AA4EAA2A1F6E7F1E00536764 /* YPNetworkManager.h */,
				AA4EAA2B1F6E7F1E00536764 /* YPNetworkManager.m */,
			);
			name = Network;
			path = HLBLPay/Network;
			sourceTree = SOURCE_ROOT;
		};
		DBADB2B4C02655D93C687393 /* Frameworks */ = {
			isa = PBXGroup;
			children = (
				DF7AEB681B93958AE2FD2B26 /* libPods-HLBLPay.a */,
			);
			name = Frameworks;
			sourceTree = "<group>";
		};
/* End PBXGroup section */

/* Begin PBXNativeTarget section */
		AA3CBCB01F683655000347C6 /* HLBLPay */ = {
			isa = PBXNativeTarget;
			buildConfigurationList = AA3CBCC81F683655000347C6 /* Build configuration list for PBXNativeTarget "HLBLPay" */;
			buildPhases = (
				75350698790E8A1D4FF78418 /* [CP] Check Pods Manifest.lock */,
				AA3CBCAD1F683655000347C6 /* Sources */,
				AA3CBCAE1F683655000347C6 /* Frameworks */,
				AA3CBCAF1F683655000347C6 /* Resources */,
				2C6686ADFC0BBD8406B2F55F /* [CP] Embed Pods Frameworks */,
				341DC6BBF479907BD913E582 /* [CP] Copy Pods Resources */,
			);
			buildRules = (
			);
			dependencies = (
			);
			name = HLBLPay;
			productName = HLBLPay;
			productReference = AA3CBCB11F683655000347C6 /* HLBLPay.app */;
			productType = "com.apple.product-type.application";
		};
/* End PBXNativeTarget section */

/* Begin PBXProject section */
		AA3CBCA91F683655000347C6 /* Project object */ = {
			isa = PBXProject;
			attributes = {
				CLASSPREFIX = YP;
				LastUpgradeCheck = 0830;
				ORGANIZATIONNAME = WuYuanPing;
				TargetAttributes = {
					AA3CBCB01F683655000347C6 = {
						CreatedOnToolsVersion = 8.3.3;
						DevelopmentTeam = UY7M7UW8YF;
						ProvisioningStyle = Automatic;
					};
				};
			};
			buildConfigurationList = AA3CBCAC1F683655000347C6 /* Build configuration list for PBXProject "HLBLPay" */;
			compatibilityVersion = "Xcode 3.2";
			developmentRegion = English;
			hasScannedForEncodings = 0;
			knownRegions = (
				en,
				Base,
			);
			mainGroup = AA3CBCA81F683655000347C6;
			productRefGroup = AA3CBCB21F683655000347C6 /* Products */;
			projectDirPath = "";
			projectRoot = "";
			targets = (
				AA3CBCB01F683655000347C6 /* HLBLPay */,
			);
		};
/* End PBXProject section */

/* Begin PBXResourcesBuildPhase section */
		AA3CBCAF1F683655000347C6 /* Resources */ = {
			isa = PBXResourcesBuildPhase;
			buildActionMask = 2147483647;
			files = (
				AA4EA9DF1F6ADC3B00536764 /* AppIcon.xcassets in Resources */,
				AA4EA9DD1F6AD3D800536764 /* Main.storyboard in Resources */,
				AA4EA9CC1F6AD3BA00536764 /* Info.plist in Resources */,
				AA4EA9DC1F6AD3D800536764 /* LaunchScreen.storyboard in Resources */,
				AA4EA9DB1F6AD3D800536764 /* Assets.xcassets in Resources */,
			);
			runOnlyForDeploymentPostprocessing = 0;
		};
/* End PBXResourcesBuildPhase section */

/* Begin PBXShellScriptBuildPhase section */
		2C6686ADFC0BBD8406B2F55F /* [CP] Embed Pods Frameworks */ = {
			isa = PBXShellScriptBuildPhase;
			buildActionMask = 2147483647;
			files = (
			);
			inputPaths = (
			);
			name = "[CP] Embed Pods Frameworks";
			outputPaths = (
			);
			runOnlyForDeploymentPostprocessing = 0;
			shellPath = /bin/sh;
			shellScript = "\"${SRCROOT}/Pods/Target Support Files/Pods-HLBLPay/Pods-HLBLPay-frameworks.sh\"\n";
			showEnvVarsInLog = 0;
		};
		341DC6BBF479907BD913E582 /* [CP] Copy Pods Resources */ = {
			isa = PBXShellScriptBuildPhase;
			buildActionMask = 2147483647;
			files = (
			);
			inputPaths = (
				"${SRCROOT}/Pods/Target Support Files/Pods-HLBLPay/Pods-HLBLPay-resources.sh",
				"${PODS_ROOT}/MJRefresh/MJRefresh/MJRefresh.bundle",
			);
			name = "[CP] Copy Pods Resources";
			outputPaths = (
				"${TARGET_BUILD_DIR}/${UNLOCALIZED_RESOURCES_FOLDER_PATH}",
			);
			runOnlyForDeploymentPostprocessing = 0;
			shellPath = /bin/sh;
			shellScript = "\"${SRCROOT}/Pods/Target Support Files/Pods-HLBLPay/Pods-HLBLPay-resources.sh\"\n";
			showEnvVarsInLog = 0;
		};
		75350698790E8A1D4FF78418 /* [CP] Check Pods Manifest.lock */ = {
			isa = PBXShellScriptBuildPhase;
			buildActionMask = 2147483647;
			files = (
			);
			inputPaths = (
				"${PODS_PODFILE_DIR_PATH}/Podfile.lock",
				"${PODS_ROOT}/Manifest.lock",
			);
			name = "[CP] Check Pods Manifest.lock";
			outputPaths = (
				"$(DERIVED_FILE_DIR)/Pods-HLBLPay-checkManifestLockResult.txt",
			);
			runOnlyForDeploymentPostprocessing = 0;
			shellPath = /bin/sh;
			shellScript = "diff \"${PODS_PODFILE_DIR_PATH}/Podfile.lock\" \"${PODS_ROOT}/Manifest.lock\" > /dev/null\nif [ $? != 0 ] ; then\n    # print error to STDERR\n    echo \"error: The sandbox is not in sync with the Podfile.lock. Run 'pod install' or update your CocoaPods installation.\" >&2\n    exit 1\nfi\n# This output is used by Xcode 'outputs' to avoid re-running this script phase.\necho \"SUCCESS\" > \"${SCRIPT_OUTPUT_FILE_0}\"\n";
			showEnvVarsInLog = 0;
		};
/* End PBXShellScriptBuildPhase section */

/* Begin PBXSourcesBuildPhase section */
		AA3CBCAD1F683655000347C6 /* Sources */ = {
			isa = PBXSourcesBuildPhase;
			buildActionMask = 2147483647;
			files = (
				AA4EAA091F6D574E00536764 /* YPRefreshViewController.m in Sources */,
				AA4EAA2F1F6E80A800536764 /* YPDbCache.m in Sources */,
				AA4EAA131F6D7F5100536764 /* YPCommonTool.m in Sources */,
				AA4EAA291F6E7ED600536764 /* YPHttpResult.m in Sources */,
				AA4EA9FA1F6CF80900536764 /* BaseTabBarController.m in Sources */,
				AA4EA9CD1F6AD3BA00536764 /* main.m in Sources */,
				AA4EA9EE1F6AE3D000536764 /* UIView+YP.m in Sources */,
				AA4EA9F41F6CBFD900536764 /* BaseNavigationBarView.m in Sources */,
				AA4EAA0C1F6D641E00536764 /* YPViewController.m in Sources */,
				AA4EAA191F6D82DF00536764 /* BaseView.m in Sources */,
				AA4EA9FD1F6D1B5800536764 /* YPRefreshFooter.m in Sources */,
				AA4EAA061F6D314100536764 /* BaseViewController.m in Sources */,
				AA4EAA001F6D1D7800536764 /* YPRefreshHeader.m in Sources */,
				AA4EAA031F6D21D500536764 /* YPRefreshTableView.m in Sources */,
				AA4EA9E81F6ADEF300536764 /* NSString+YP.m in Sources */,
				AA4EA9CB1F6AD3BA00536764 /* AppDelegate.m in Sources */,
				AA4EAA1C1F6D841400536764 /* BaseDataSource.m in Sources */,
				AA4EAA0F1F6D65D200536764 /* YPNavigationController.m in Sources */,
				AA4EAA161F6D80BD00536764 /* YPNotificationCenter.m in Sources */,
				AA4EA9F11F6B954600536764 /* BaseNavigationController.m in Sources */,
				AA4EAA1F1F6D879A00536764 /* YPHUDHelper.m in Sources */,
				AA4EA9E21F6ADDD900536764 /* BaseModel.m in Sources */,
				AA4EA9EB1F6AE17300536764 /* UIImage+YP.m in Sources */,
				AA3CBCBC1F683655000347C6 /* ViewController.m in Sources */,
				AA4EAA231F6E7D9F00536764 /* YPAPI.m in Sources */,
				AA4EAA2C1F6E7F1E00536764 /* YPNetworkManager.m in Sources */,
			);
			runOnlyForDeploymentPostprocessing = 0;
		};
/* End PBXSourcesBuildPhase section */

/* Begin PBXVariantGroup section */
		AA4EA9D71F6AD3D800536764 /* LaunchScreen.storyboard */ = {
			isa = PBXVariantGroup;
			children = (
				AA4EA9D81F6AD3D800536764 /* Base */,
			);
			name = LaunchScreen.storyboard;
			sourceTree = "<group>";
		};
		AA4EA9D91F6AD3D800536764 /* Main.storyboard */ = {
			isa = PBXVariantGroup;
			children = (
				AA4EA9DA1F6AD3D800536764 /* Base */,
			);
			name = Main.storyboard;
			sourceTree = "<group>";
		};
/* End PBXVariantGroup section */

/* Begin XCBuildConfiguration section */
		AA3CBCC61F683655000347C6 /* Debug */ = {
			isa = XCBuildConfiguration;
			buildSettings = {
				ALWAYS_SEARCH_USER_PATHS = NO;
				CLANG_ANALYZER_NONNULL = YES;
				CLANG_ANALYZER_NUMBER_OBJECT_CONVERSION = YES_AGGRESSIVE;
				CLANG_CXX_LANGUAGE_STANDARD = "gnu++0x";
				CLANG_CXX_LIBRARY = "libc++";
				CLANG_ENABLE_MODULES = YES;
				CLANG_ENABLE_OBJC_ARC = YES;
				CLANG_WARN_BOOL_CONVERSION = YES;
				CLANG_WARN_CONSTANT_CONVERSION = YES;
				CLANG_WARN_DIRECT_OBJC_ISA_USAGE = YES_ERROR;
				CLANG_WARN_DOCUMENTATION_COMMENTS = YES;
				CLANG_WARN_EMPTY_BODY = YES;
				CLANG_WARN_ENUM_CONVERSION = YES;
				CLANG_WARN_INFINITE_RECURSION = YES;
				CLANG_WARN_INT_CONVERSION = YES;
				CLANG_WARN_OBJC_ROOT_CLASS = YES_ERROR;
				CLANG_WARN_SUSPICIOUS_MOVE = YES;
				CLANG_WARN_UNREACHABLE_CODE = YES;
				CLANG_WARN__DUPLICATE_METHOD_MATCH = YES;
				"CODE_SIGN_IDENTITY[sdk=iphoneos*]" = "iPhone Developer";
				COPY_PHASE_STRIP = NO;
				DEBUG_INFORMATION_FORMAT = dwarf;
				ENABLE_STRICT_OBJC_MSGSEND = YES;
				ENABLE_TESTABILITY = YES;
				GCC_C_LANGUAGE_STANDARD = gnu99;
				GCC_DYNAMIC_NO_PIC = NO;
				GCC_NO_COMMON_BLOCKS = YES;
				GCC_OPTIMIZATION_LEVEL = 0;
				GCC_PREPROCESSOR_DEFINITIONS = (
					"DEBUG=1",
					"$(inherited)",
				);
				GCC_WARN_64_TO_32_BIT_CONVERSION = YES;
				GCC_WARN_ABOUT_RETURN_TYPE = YES_ERROR;
				GCC_WARN_UNDECLARED_SELECTOR = YES;
				GCC_WARN_UNINITIALIZED_AUTOS = YES_AGGRESSIVE;
				GCC_WARN_UNUSED_FUNCTION = YES;
				GCC_WARN_UNUSED_VARIABLE = YES;
				IPHONEOS_DEPLOYMENT_TARGET = 8.0;
				MTL_ENABLE_DEBUG_INFO = YES;
				ONLY_ACTIVE_ARCH = YES;
				SDKROOT = iphoneos;
			};
			name = Debug;
		};
		AA3CBCC71F683655000347C6 /* Release */ = {
			isa = XCBuildConfiguration;
			buildSettings = {
				ALWAYS_SEARCH_USER_PATHS = NO;
				CLANG_ANALYZER_NONNULL = YES;
				CLANG_ANALYZER_NUMBER_OBJECT_CONVERSION = YES_AGGRESSIVE;
				CLANG_CXX_LANGUAGE_STANDARD = "gnu++0x";
				CLANG_CXX_LIBRARY = "libc++";
				CLANG_ENABLE_MODULES = YES;
				CLANG_ENABLE_OBJC_ARC = YES;
				CLANG_WARN_BOOL_CONVERSION = YES;
				CLANG_WARN_CONSTANT_CONVERSION = YES;
				CLANG_WARN_DIRECT_OBJC_ISA_USAGE = YES_ERROR;
				CLANG_WARN_DOCUMENTATION_COMMENTS = YES;
				CLANG_WARN_EMPTY_BODY = YES;
				CLANG_WARN_ENUM_CONVERSION = YES;
				CLANG_WARN_INFINITE_RECURSION = YES;
				CLANG_WARN_INT_CONVERSION = YES;
				CLANG_WARN_OBJC_ROOT_CLASS = YES_ERROR;
				CLANG_WARN_SUSPICIOUS_MOVE = YES;
				CLANG_WARN_UNREACHABLE_CODE = YES;
				CLANG_WARN__DUPLICATE_METHOD_MATCH = YES;
				"CODE_SIGN_IDENTITY[sdk=iphoneos*]" = "iPhone Developer";
				COPY_PHASE_STRIP = NO;
				DEBUG_INFORMATION_FORMAT = "dwarf-with-dsym";
				ENABLE_NS_ASSERTIONS = NO;
				ENABLE_STRICT_OBJC_MSGSEND = YES;
				GCC_C_LANGUAGE_STANDARD = gnu99;
				GCC_NO_COMMON_BLOCKS = YES;
				GCC_WARN_64_TO_32_BIT_CONVERSION = YES;
				GCC_WARN_ABOUT_RETURN_TYPE = YES_ERROR;
				GCC_WARN_UNDECLARED_SELECTOR = YES;
				GCC_WARN_UNINITIALIZED_AUTOS = YES_AGGRESSIVE;
				GCC_WARN_UNUSED_FUNCTION = YES;
				GCC_WARN_UNUSED_VARIABLE = YES;
				IPHONEOS_DEPLOYMENT_TARGET = 8.0;
				MTL_ENABLE_DEBUG_INFO = NO;
				SDKROOT = iphoneos;
				VALIDATE_PRODUCT = YES;
			};
			name = Release;
		};
		AA3CBCC91F683655000347C6 /* Debug */ = {
			isa = XCBuildConfiguration;
			baseConfigurationReference = 03B052C3A63D443C069FF15B /* Pods-HLBLPay.debug.xcconfig */;
			buildSettings = {
				ASSETCATALOG_COMPILER_APPICON_NAME = AppIcon;
				DEVELOPMENT_TEAM = UY7M7UW8YF;
				GCC_PRECOMPILE_PREFIX_HEADER = YES;
				GCC_PREFIX_HEADER = "HLBLPay/Application/HLBL-PrefixHeader.pch";
				INFOPLIST_FILE = "$(SRCROOT)/HLBLPay/Application/Info.plist";
				LD_RUNPATH_SEARCH_PATHS = "$(inherited) @executable_path/Frameworks";
				PRODUCT_BUNDLE_IDENTIFIER = com.520iosdev.HLBLPay;
				PRODUCT_NAME = "$(TARGET_NAME)";
			};
			name = Debug;
		};
		AA3CBCCA1F683655000347C6 /* Release */ = {
			isa = XCBuildConfiguration;
			baseConfigurationReference = 45863F9258D0402DD6801D6F /* Pods-HLBLPay.release.xcconfig */;
			buildSettings = {
				ASSETCATALOG_COMPILER_APPICON_NAME = AppIcon;
				DEVELOPMENT_TEAM = UY7M7UW8YF;
				GCC_PRECOMPILE_PREFIX_HEADER = YES;
				GCC_PREFIX_HEADER = "HLBLPay/Application/HLBL-PrefixHeader.pch";
				INFOPLIST_FILE = "$(SRCROOT)/HLBLPay/Application/Info.plist";
				LD_RUNPATH_SEARCH_PATHS = "$(inherited) @executable_path/Frameworks";
				PRODUCT_BUNDLE_IDENTIFIER = com.520iosdev.HLBLPay;
				PRODUCT_NAME = "$(TARGET_NAME)";
			};
			name = Release;
		};
/* End XCBuildConfiguration section */

/* Begin XCConfigurationList section */
		AA3CBCAC1F683655000347C6 /* Build configuration list for PBXProject "HLBLPay" */ = {
			isa = XCConfigurationList;
			buildConfigurations = (
				AA3CBCC61F683655000347C6 /* Debug */,
				AA3CBCC71F683655000347C6 /* Release */,
			);
			defaultConfigurationIsVisible = 0;
			defaultConfigurationName = Release;
		};
		AA3CBCC81F683655000347C6 /* Build configuration list for PBXNativeTarget "HLBLPay" */ = {
			isa = XCConfigurationList;
			buildConfigurations = (
				AA3CBCC91F683655000347C6 /* Debug */,
				AA3CBCCA1F683655000347C6 /* Release */,
			);
			defaultConfigurationIsVisible = 0;
			defaultConfigurationName = Release;
		};
/* End XCConfigurationList section */
	};
	rootObject = AA3CBCA91F683655000347C6 /* Project object */;
}
